Microsoft Visual Studio Solution File, Format Version 11.00
# Visual Studio 2008

Project("{0AB0BD3B-7554-786C-DC08-2F985C07A736}") = "angryBird-unity", "Assembly-CSharp.csproj", "{95BF6591-B017-52F9-C85A-38A1A692D014}"
EndProject
Global
	GlobalSection(SolutionConfigurationPlatforms) = preSolution
		Debug|Any CPU = Debug|Any CPU
		Release|Any CPU = Release|Any CPU
	EndGlobalSection
	GlobalSection(ProjectConfigurationPlatforms) = postSolution
		{95BF6591-B017-52F9-C85A-38A1A692D014}.Debug|Any CPU.ActiveCfg = Debug|Any CPU
		{95BF6591-B017-52F9-C85A-38A1A692D014}.Debug|Any CPU.Build.0 = Debug|Any CPU
		{95BF6591-B017-52F9-C85A-38A1A692D014}.Release|Any CPU.ActiveCfg = Release|Any CPU
		{95BF6591-B017-52F9-C85A-38A1A692D014}.Release|Any CPU.Build.0 = Release|Any CPU
	EndGlobalSection
	GlobalSection(SolutionProperties) = preSolution
		HideSolutionNode = FALSE
	EndGlobalSection
	GlobalSection(MonoDevelopProperties) = preSolution
		StartupItem = Assembly-CSharp.csproj
	EndGlobalSection
EndGlobal
